
Microsoft Visual Studio Solution File, Format Version 12.00
# Visual Studio 15
Project("{FAE04EC0-301F-11D3-BF4B-00C04F79EFBC}") = "SilverApp.API", "SilverApp.API\SilverApp.API.csproj", "{F2051A7B-0A2D-407C-8DC2-3A8E3BDA34AF}"
EndProject
Global
	GlobalSection(SolutionConfigurationPlatforms) = preSolution
		Debug|Any CPU = Debug|Any CPU
		Release|Any CPU = Release|Any CPU
	EndGlobalSection
	GlobalSection(ProjectConfigurationPlatforms) = postSolution
		{F2051A7B-0A2D-407C-8DC2-3A8E3BDA34AF}.Debug|Any CPU.ActiveCfg = Debug|Any CPU
		{F2051A7B-0A2D-407C-8DC2-3A8E3BDA34AF}.Debug|Any CPU.Build.0 = Debug|Any CPU
		{F2051A7B-0A2D-407C-8DC2-3A8E3BDA34AF}.Release|Any CPU.ActiveCfg = Release|Any CPU
		{F2051A7B-0A2D-407C-8DC2-3A8E3BDA34AF}.Release|Any CPU.Build.0 = Release|Any CPU
	EndGlobalSection
EndGlobal
